
Microsoft Visual Studio Solution File, Format Version 12.00
# Visual Studio Version 17
VisualStudioVersion = 17.1.32210.238
MinimumVisualStudioVersion = 10.0.40219.1
Project("{FAE04EC0-301F-11D3-BF4B-00C04F79EFBC}") = "UnitConverter.Api", "UnitConverter\UnitConverter.Api.csproj", "{EA202B98-3649-468C-8980-55B7A2792F26}"
EndProject
Project("{E53339B2-1760-4266-BCC7-CA923CBCF16C}") = "docker-compose", "docker-compose.dcproj", "{C51B5D61-28FC-45CD-B02D-E2A88AC12506}"
EndProject
Global
	GlobalSection(SolutionConfigurationPlatforms) = preSolution
		Debug|Any CPU = Debug|Any CPU
		Release|Any CPU = Release|Any CPU
	EndGlobalSection
	GlobalSection(ProjectConfigurationPlatforms) = postSolution
		{EA202B98-3649-468C-8980-55B7A2792F26}.Debug|Any CPU.ActiveCfg = Debug|Any CPU
		{EA202B98-3649-468C-8980-55B7A2792F26}.Debug|Any CPU.Build.0 = Debug|Any CPU
		{EA202B98-3649-468C-8980-55B7A2792F26}.Release|Any CPU.ActiveCfg = Release|Any CPU
		{EA202B98-3649-468C-8980-55B7A2792F26}.Release|Any CPU.Build.0 = Release|Any CPU
		{C51B5D61-28FC-45CD-B02D-E2A88AC12506}.Debug|Any CPU.ActiveCfg = Debug|Any CPU
		{C51B5D61-28FC-45CD-B02D-E2A88AC12506}.Debug|Any CPU.Build.0 = Debug|Any CPU
		{C51B5D61-28FC-45CD-B02D-E2A88AC12506}.Release|Any CPU.ActiveCfg = Release|Any CPU
		{C51B5D61-28FC-45CD-B02D-E2A88AC12506}.Release|Any CPU.Build.0 = Release|Any CPU
	EndGlobalSection
	GlobalSection(SolutionProperties) = preSolution
		HideSolutionNode = FALSE
	EndGlobalSection
	GlobalSection(ExtensibilityGlobals) = postSolution
		SolutionGuid = {DA90AD92-C1A5-4C3F-B1C0-7B3F69A740A1}
	EndGlobalSection
EndGlobal
